<?xml version="1.0" encoding="UTF-8" standalone="yes" ?>
<CodeBlocks_project_file>
	<FileVersion major="1" minor="6" />
	<Project>
		<Option title="Lab6 - BTS" />
		<Option pch_mode="2" />
		<Option compiler="gcc" />
		<Build>
			<Target title="Debug">
				<Option output="bin/Debug/Lab6 - BTS" prefix_auto="1" extension_auto="1" />
				<Option object_output="obj/Debug/" />
				<Option type="1" />
				<Option compiler="gcc" />
				<Compiler>
					<Add option="-g" />
					<Add directory="../Lab6 - BTS" />
				</Compiler>
			</Target>
			<Target title="Release">
				<Option output="bin/Release/Lab6 - BTS" prefix_auto="1" extension_auto="1" />
				<Option object_output="obj/Release/" />
				<Option type="1" />
				<Option compiler="gcc" />
				<Compiler>
					<Add option="-O2" />
				</Compiler>
				<Linker>
					<Add option="-s" />
				</Linker>
			</Target>
		</Build>
		<Compiler>
			<Add option="-Wall" />
			<Add option="-fexceptions" />
		</Compiler>
		<Unit filename="Contact.cpp" />
		<Unit filename="Contact.h" />
		<Unit filename="ContactList.cpp" />
		<Unit filename="ContactList.h" />
		<Unit filename="ContactManager.cpp" />
		<Unit filename="ContactManager.h" />
		<Unit filename="ContactNode.cpp" />
		<Unit filename="ContactNode.h" />
		<Unit filename="Hash.cpp" />
		<Unit filename="Hash.h" />
		<Unit filename="InteractivePhoneBook.cpp" />
		<Unit filename="InteractivePhoneBook.h" />
		<Unit filename="KeyException.h" />
		<Unit filename="Lab6 - BTS.cbp" />
		<Unit filename="Lab6 - BTS.depend" />
		<Unit filename="Lab6 - BTS.layout" />
		<Unit filename="Makefile" />
		<Unit filename="StringContactMap.cpp" />
		<Unit filename="StringContactMap.h" />
		<Unit filename="StringContactPair.cpp" />
		<Unit filename="StringContactPair.h" />
		<Unit filename="large.csv" />
		<Unit filename="main.cpp" />
		<Unit filename="med.csv" />
		<Unit filename="small.csv" />
		<Extensions>
			<code_completion />
			<envvars />
			<debugger />
			<lib_finder disable_auto="1" />
		</Extensions>
	</Project>
</CodeBlocks_project_file>
